
Microsoft Visual Studio Solution File, Format Version 12.00
# Visual Studio Version 17
VisualStudioVersion = 17.6.33723.286
MinimumVisualStudioVersion = 10.0.40219.1
Project("{FAE04EC0-301F-11D3-BF4B-00C04F79EFBC}") = "ProductManagementPS", "ProductManagementPS\ProductManagementPS.csproj", "{97605D5D-ABDC-4DDD-95A4-DCE052212A49}"
EndProject
Project("{FAE04EC0-301F-11D3-BF4B-00C04F79EFBC}") = "ProductManagement.Repository", "ProductManagement.Repository\ProductManagement.Repository.csproj", "{43DC220D-D750-489A-9532-EFF50BF364D1}"
EndProject
Project("{FAE04EC0-301F-11D3-BF4B-00C04F79EFBC}") = "ProductManagement.Service", "ProductManagement.Service\ProductManagement.Service.csproj", "{43CF4140-199C-4768-9C8B-F7EED5245A40}"
EndProject
Global
	GlobalSection(SolutionConfigurationPlatforms) = preSolution
		Debug|Any CPU = Debug|Any CPU
		Release|Any CPU = Release|Any CPU
	EndGlobalSection
	GlobalSection(ProjectConfigurationPlatforms) = postSolution
		{97605D5D-ABDC-4DDD-95A4-DCE052212A49}.Debug|Any CPU.ActiveCfg = Debug|Any CPU
		{97605D5D-ABDC-4DDD-95A4-DCE052212A49}.Debug|Any CPU.Build.0 = Debug|Any CPU
		{97605D5D-ABDC-4DDD-95A4-DCE052212A49}.Release|Any CPU.ActiveCfg = Release|Any CPU
		{97605D5D-ABDC-4DDD-95A4-DCE052212A49}.Release|Any CPU.Build.0 = Release|Any CPU
		{43DC220D-D750-489A-9532-EFF50BF364D1}.Debug|Any CPU.ActiveCfg = Debug|Any CPU
		{43DC220D-D750-489A-9532-EFF50BF364D1}.Debug|Any CPU.Build.0 = Debug|Any CPU
		{43DC220D-D750-489A-9532-EFF50BF364D1}.Release|Any CPU.ActiveCfg = Release|Any CPU
		{43DC220D-D750-489A-9532-EFF50BF364D1}.Release|Any CPU.Build.0 = Release|Any CPU
		{43CF4140-199C-4768-9C8B-F7EED5245A40}.Debug|Any CPU.ActiveCfg = Debug|Any CPU
		{43CF4140-199C-4768-9C8B-F7EED5245A40}.Debug|Any CPU.Build.0 = Debug|Any CPU
		{43CF4140-199C-4768-9C8B-F7EED5245A40}.Release|Any CPU.ActiveCfg = Release|Any CPU
		{43CF4140-199C-4768-9C8B-F7EED5245A40}.Release|Any CPU.Build.0 = Release|Any CPU
	EndGlobalSection
	GlobalSection(SolutionProperties) = preSolution
		HideSolutionNode = FALSE
	EndGlobalSection
	GlobalSection(ExtensibilityGlobals) = postSolution
		SolutionGuid = {C788ECDE-DD7C-4F49-805B-2776F517F86E}
	EndGlobalSection
EndGlobal
